
Microsoft Visual Studio Solution File, Format Version 12.00
# Visual Studio Version 17
VisualStudioVersion = 17.3.32922.545
MinimumVisualStudioVersion = 10.0.40219.1
Project("{FAE04EC0-301F-11D3-BF4B-00C04F79EFBC}") = "StoreApplication", "StoreApplication.csproj", "{1473B9D5-2945-4C0A-8550-C52423227284}"
EndProject
Global
	GlobalSection(SolutionConfigurationPlatforms) = preSolution
		Debug|Any CPU = Debug|Any CPU
		Release|Any CPU = Release|Any CPU
	EndGlobalSection
	GlobalSection(ProjectConfigurationPlatforms) = postSolution
		{1473B9D5-2945-4C0A-8550-C52423227284}.Debug|Any CPU.ActiveCfg = Debug|Any CPU
		{1473B9D5-2945-4C0A-8550-C52423227284}.Debug|Any CPU.Build.0 = Debug|Any CPU
		{1473B9D5-2945-4C0A-8550-C52423227284}.Release|Any CPU.ActiveCfg = Release|Any CPU
		{1473B9D5-2945-4C0A-8550-C52423227284}.Release|Any CPU.Build.0 = Release|Any CPU
	EndGlobalSection
	GlobalSection(SolutionProperties) = preSolution
		HideSolutionNode = FALSE
	EndGlobalSection
	GlobalSection(ExtensibilityGlobals) = postSolution
		SolutionGuid = {26EAA3AA-D398-4EE6-B33F-C2702538940E}
	EndGlobalSection
EndGlobal
